
Microsoft Visual Studio Solution File, Format Version 12.00
# Visual Studio 2013
VisualStudioVersion = 12.0.30501.0
MinimumVisualStudioVersion = 10.0.40219.1
Project("{FAE04EC0-301F-11D3-BF4B-00C04F79EFBC}") = "Sessional2_57_60_69", "Sessional2_57_60_69\Sessional2_57_60_69.csproj", "{D1DA0C58-E677-48F0-AD2E-DCE2F45DC41B}"
EndProject
Global
	GlobalSection(SolutionConfigurationPlatforms) = preSolution
		Debug|Any CPU = Debug|Any CPU
		Release|Any CPU = Release|Any CPU
	EndGlobalSection
	GlobalSection(ProjectConfigurationPlatforms) = postSolution
		{D1DA0C58-E677-48F0-AD2E-DCE2F45DC41B}.Debug|Any CPU.ActiveCfg = Debug|Any CPU
		{D1DA0C58-E677-48F0-AD2E-DCE2F45DC41B}.Debug|Any CPU.Build.0 = Debug|Any CPU
		{D1DA0C58-E677-48F0-AD2E-DCE2F45DC41B}.Release|Any CPU.ActiveCfg = Release|Any CPU
		{D1DA0C58-E677-48F0-AD2E-DCE2F45DC41B}.Release|Any CPU.Build.0 = Release|Any CPU
	EndGlobalSection
	GlobalSection(SolutionProperties) = preSolution
		HideSolutionNode = FALSE
	EndGlobalSection
EndGlobal
